
Microsoft Visual Studio Solution File, Format Version 12.00
# Visual Studio Version 17
VisualStudioVersion = 17.3.32901.215
MinimumVisualStudioVersion = 10.0.40219.1
Project("{FAE04EC0-301F-11D3-BF4B-00C04F79EFBC}") = "Oefening1", "Oefening1\Oefening1.csproj", "{97AB91BF-E9B6-43B0-9F8C-FE49399970E4}"
EndProject
Project("{FAE04EC0-301F-11D3-BF4B-00C04F79EFBC}") = "Oefening2", "Oefening2\Oefening2.csproj", "{DE331BF0-9B6B-45AF-BBD3-8108DFB6BA75}"
EndProject
Project("{FAE04EC0-301F-11D3-BF4B-00C04F79EFBC}") = "Oefening3", "Oefening3\Oefening3.csproj", "{25396548-2573-4B9B-9BD1-5355881E7814}"
EndProject
Global
	GlobalSection(SolutionConfigurationPlatforms) = preSolution
		Debug|Any CPU = Debug|Any CPU
		Release|Any CPU = Release|Any CPU
	EndGlobalSection
	GlobalSection(ProjectConfigurationPlatforms) = postSolution
		{97AB91BF-E9B6-43B0-9F8C-FE49399970E4}.Debug|Any CPU.ActiveCfg = Debug|Any CPU
		{97AB91BF-E9B6-43B0-9F8C-FE49399970E4}.Debug|Any CPU.Build.0 = Debug|Any CPU
		{97AB91BF-E9B6-43B0-9F8C-FE49399970E4}.Release|Any CPU.ActiveCfg = Release|Any CPU
		{97AB91BF-E9B6-43B0-9F8C-FE49399970E4}.Release|Any CPU.Build.0 = Release|Any CPU
		{DE331BF0-9B6B-45AF-BBD3-8108DFB6BA75}.Debug|Any CPU.ActiveCfg = Debug|Any CPU
		{DE331BF0-9B6B-45AF-BBD3-8108DFB6BA75}.Debug|Any CPU.Build.0 = Debug|Any CPU
		{DE331BF0-9B6B-45AF-BBD3-8108DFB6BA75}.Release|Any CPU.ActiveCfg = Release|Any CPU
		{DE331BF0-9B6B-45AF-BBD3-8108DFB6BA75}.Release|Any CPU.Build.0 = Release|Any CPU
		{25396548-2573-4B9B-9BD1-5355881E7814}.Debug|Any CPU.ActiveCfg = Debug|Any CPU
		{25396548-2573-4B9B-9BD1-5355881E7814}.Debug|Any CPU.Build.0 = Debug|Any CPU
		{25396548-2573-4B9B-9BD1-5355881E7814}.Release|Any CPU.ActiveCfg = Release|Any CPU
		{25396548-2573-4B9B-9BD1-5355881E7814}.Release|Any CPU.Build.0 = Release|Any CPU
	EndGlobalSection
	GlobalSection(SolutionProperties) = preSolution
		HideSolutionNode = FALSE
	EndGlobalSection
	GlobalSection(ExtensibilityGlobals) = postSolution
		SolutionGuid = {C59E73F1-5CB4-49CD-BB60-814C079A24E6}
	EndGlobalSection
EndGlobal
